
Microsoft Visual Studio Solution File, Format Version 12.00
# Visual Studio Version 17
VisualStudioVersion = 17.8.34511.84
MinimumVisualStudioVersion = 10.0.40219.1
Project("{FAE04EC0-301F-11D3-BF4B-00C04F79EFBC}") = "MergeSortAssignment_1", "MergeSortAssignment_1\MergeSortAssignment_1.csproj", "{EC270BC8-FEC4-44E3-BE3F-7BDB41B23DD6}"
EndProject
Global
	GlobalSection(SolutionConfigurationPlatforms) = preSolution
		Debug|Any CPU = Debug|Any CPU
		Release|Any CPU = Release|Any CPU
	EndGlobalSection
	GlobalSection(ProjectConfigurationPlatforms) = postSolution
		{EC270BC8-FEC4-44E3-BE3F-7BDB41B23DD6}.Debug|Any CPU.ActiveCfg = Debug|Any CPU
		{EC270BC8-FEC4-44E3-BE3F-7BDB41B23DD6}.Debug|Any CPU.Build.0 = Debug|Any CPU
		{EC270BC8-FEC4-44E3-BE3F-7BDB41B23DD6}.Release|Any CPU.ActiveCfg = Release|Any CPU
		{EC270BC8-FEC4-44E3-BE3F-7BDB41B23DD6}.Release|Any CPU.Build.0 = Release|Any CPU
	EndGlobalSection
	GlobalSection(SolutionProperties) = preSolution
		HideSolutionNode = FALSE
	EndGlobalSection
	GlobalSection(ExtensibilityGlobals) = postSolution
		SolutionGuid = {9DCE0F76-F32C-4FB7-BB71-D6FEC3849FF3}
	EndGlobalSection
EndGlobal
